
Microsoft Visual Studio Solution File, Format Version 12.00
# Visual Studio Version 17
VisualStudioVersion = 17.11.35208.52
MinimumVisualStudioVersion = 10.0.40219.1
Project("{FAE04EC0-301F-11D3-BF4B-00C04F79EFBC}") = "MedTech", "MedTech\MedTech.csproj", "{58520D78-2D81-441B-9F31-3965499CFAC3}"
EndProject
Global
	GlobalSection(SolutionConfigurationPlatforms) = preSolution
		Debug|Any CPU = Debug|Any CPU
		Release|Any CPU = Release|Any CPU
	EndGlobalSection
	GlobalSection(ProjectConfigurationPlatforms) = postSolution
		{58520D78-2D81-441B-9F31-3965499CFAC3}.Debug|Any CPU.ActiveCfg = Debug|Any CPU
		{58520D78-2D81-441B-9F31-3965499CFAC3}.Debug|Any CPU.Build.0 = Debug|Any CPU
		{58520D78-2D81-441B-9F31-3965499CFAC3}.Release|Any CPU.ActiveCfg = Release|Any CPU
		{58520D78-2D81-441B-9F31-3965499CFAC3}.Release|Any CPU.Build.0 = Release|Any CPU
	EndGlobalSection
	GlobalSection(SolutionProperties) = preSolution
		HideSolutionNode = FALSE
	EndGlobalSection
	GlobalSection(ExtensibilityGlobals) = postSolution
		SolutionGuid = {8B6550C5-F37F-4C22-B0ED-F3580F3FDE54}
	EndGlobalSection
EndGlobal
